// !$*UTF8*$!
{
	archiveVersion = 1;
	classes = {
	};
	objectVersion = 50;
	objects = {

/* Begin PBXBuildFile section */
		EED8B39826DE68BE00EE6047 /* AppDelegate.swift in Sources */ = {isa = PBXBuildFile; fileRef = EED8B39726DE68BE00EE6047 /* AppDelegate.swift */; };
		EED8B39A26DE68BE00EE6047 /* SceneDelegate.swift in Sources */ = {isa = PBXBuildFile; fileRef = EED8B39926DE68BE00EE6047 /* SceneDelegate.swift */; };
		EED8B39C26DE68BE00EE6047 /* ViewController.swift in Sources */ = {isa = PBXBuildFile; fileRef = EED8B39B26DE68BE00EE6047 /* ViewController.swift */; };
		EED8B3A126DE68C000EE6047 /* Assets.xcassets in Resources */ = {isa = PBXBuildFile; fileRef = EED8B3A026DE68C000EE6047 /* Assets.xcassets */; };
		EED8B3A426DE68C000EE6047 /* LaunchScreen.storyboard in Resources */ = {isa = PBXBuildFile; fileRef = EED8B3A226DE68C000EE6047 /* LaunchScreen.storyboard */; };
		EED8B3EF26DE768300EE6047 /* NetworkWeather.swift in Sources */ = {isa = PBXBuildFile; fileRef = EED8B3EE26DE768300EE6047 /* NetworkWeather.swift */; };
		EED8B3F126DE7A6400EE6047 /* weatherData.swift in Sources */ = {isa = PBXBuildFile; fileRef = EED8B3F026DE7A6400EE6047 /* weatherData.swift */; };
		EED8B3F326DE7F5900EE6047 /* currentWeather.swift in Sources */ = {isa = PBXBuildFile; fileRef = EED8B3F226DE7F5900EE6047 /* currentWeather.swift */; };
/* End PBXBuildFile section */

/* Begin PBXFileReference section */
		EED8B39426DE68BE00EE6047 /* weatherApp.app */ = {isa = PBXFileReference; explicitFileType = wrapper.application; includeInIndex = 0; path = weatherApp.app; sourceTree = BUILT_PRODUCTS_DIR; };
		EED8B39726DE68BE00EE6047 /* AppDelegate.swift */ = {isa = PBXFileReference; lastKnownFileType = sourcecode.swift; path = AppDelegate.swift; sourceTree = "<group>"; };
		EED8B39926DE68BE00EE6047 /* SceneDelegate.swift */ = {isa = PBXFileReference; lastKnownFileType = sourcecode.swift; path = SceneDelegate.swift; sourceTree = "<group>"; };
		EED8B39B26DE68BE00EE6047 /* ViewController.swift */ = {isa = PBXFileReference; lastKnownFileType = sourcecode.swift; path = ViewController.swift; sourceTree = "<group>"; };
		EED8B3A026DE68C000EE6047 /* Assets.xcassets */ = {isa = PBXFileReference; lastKnownFileType = folder.assetcatalog; path = Assets.xcassets; sourceTree = "<group>"; };
		EED8B3A326DE68C000EE6047 /* Base */ = {isa = PBXFileReference; lastKnownFileType = file.storyboard; name = Base; path = Base.lproj/LaunchScreen.storyboard; sourceTree = "<group>"; };
		EED8B3A526DE68C000EE6047 /* Info.plist */ = {isa = PBXFileReference; lastKnownFileType = text.plist.xml; path = Info.plist; sourceTree = "<group>"; };
		EED8B3EE26DE768300EE6047 /* NetworkWeather.swift */ = {isa = PBXFileReference; lastKnownFileType = sourcecode.swift; path = NetworkWeather.swift; sourceTree = "<group>"; };
		EED8B3F026DE7A6400EE6047 /* weatherData.swift */ = {isa = PBXFileReference; lastKnownFileType = sourcecode.swift; path = weatherData.swift; sourceTree = "<group>"; };
		EED8B3F226DE7F5900EE6047 /* currentWeather.swift */ = {isa = PBXFileReference; lastKnownFileType = sourcecode.swift; path = currentWeather.swift; sourceTree = "<group>"; };
/* End PBXFileReference section */

/* Begin PBXFrameworksBuildPhase section */
		EED8B39126DE68BE00EE6047 /* Frameworks */ = {
			isa = PBXFrameworksBuildPhase;
			buildActionMask = 2147483647;
			files = (
			);
			runOnlyForDeploymentPostprocessing = 0;
		};
/* End PBXFrameworksBuildPhase section */

/* Begin PBXGroup section */
		EED8B38B26DE68BE00EE6047 = {
			isa = PBXGroup;
			children = (
				EED8B39626DE68BE00EE6047 /* weatherApp */,
				EED8B39526DE68BE00EE6047 /* Products */,
			);
			sourceTree = "<group>";
		};
		EED8B39526DE68BE00EE6047 /* Products */ = {
			isa = PBXGroup;
			children = (
				EED8B39426DE68BE00EE6047 /* weatherApp.app */,
			);
			name = Products;
			sourceTree = "<group>";
		};
		EED8B39626DE68BE00EE6047 /* weatherApp */ = {
			isa = PBXGroup;
			children = (
				EED8B39726DE68BE00EE6047 /* AppDelegate.swift */,
				EED8B39926DE68BE00EE6047 /* SceneDelegate.swift */,
				EED8B39B26DE68BE00EE6047 /* ViewController.swift */,
				EED8B3ED26DE767100EE6047 /* Model */,
				EED8B3A026DE68C000EE6047 /* Assets.xcassets */,
				EED8B3A226DE68C000EE6047 /* LaunchScreen.storyboard */,
				EED8B3A526DE68C000EE6047 /* Info.plist */,
			);
			path = weatherApp;
			sourceTree = "<group>";
		};
		EED8B3ED26DE767100EE6047 /* Model */ = {
			isa = PBXGroup;
			children = (
				EED8B3EE26DE768300EE6047 /* NetworkWeather.swift */,
				EED8B3F026DE7A6400EE6047 /* weatherData.swift */,
				EED8B3F226DE7F5900EE6047 /* currentWeather.swift */,
			);
			path = Model;
			sourceTree = "<group>";
		};
/* End PBXGroup section */

/* Begin PBXNativeTarget section */
		EED8B39326DE68BE00EE6047 /* weatherApp */ = {
			isa = PBXNativeTarget;
			buildConfigurationList = EED8B3A826DE68C000EE6047 /* Build configuration list for PBXNativeTarget "weatherApp" */;
			buildPhases = (
				EED8B39026DE68BE00EE6047 /* Sources */,
				EED8B39126DE68BE00EE6047 /* Frameworks */,
				EED8B39226DE68BE00EE6047 /* Resources */,
			);
			buildRules = (
			);
			dependencies = (
			);
			name = weatherApp;
			productName = weatherApp;
			productReference = EED8B39426DE68BE00EE6047 /* weatherApp.app */;
			productType = "com.apple.product-type.application";
		};
/* End PBXNativeTarget section */

/* Begin PBXProject section */
		EED8B38C26DE68BE00EE6047 /* Project object */ = {
			isa = PBXProject;
			attributes = {
				LastSwiftUpdateCheck = 1250;
				LastUpgradeCheck = 1250;
				TargetAttributes = {
					EED8B39326DE68BE00EE6047 = {
						CreatedOnToolsVersion = 12.5.1;
					};
				};
			};
			buildConfigurationList = EED8B38F26DE68BE00EE6047 /* Build configuration list for PBXProject "weatherApp" */;
			compatibilityVersion = "Xcode 9.3";
			developmentRegion = en;
			hasScannedForEncodings = 0;
			knownRegions = (
				en,
				Base,
			);
			mainGroup = EED8B38B26DE68BE00EE6047;
			productRefGroup = EED8B39526DE68BE00EE6047 /* Products */;
			projectDirPath = "";
			projectRoot = "";
			targets = (
				EED8B39326DE68BE00EE6047 /* weatherApp */,
			);
		};
/* End PBXProject section */

/* Begin PBXResourcesBuildPhase section */
		EED8B39226DE68BE00EE6047 /* Resources */ = {
			isa = PBXResourcesBuildPhase;
			buildActionMask = 2147483647;
			files = (
				EED8B3A426DE68C000EE6047 /* LaunchScreen.storyboard in Resources */,
				EED8B3A126DE68C000EE6047 /* Assets.xcassets in Resources */,
			);
			runOnlyForDeploymentPostprocessing = 0;
		};
/* End PBXResourcesBuildPhase section */

/* Begin PBXSourcesBuildPhase section */
		EED8B39026DE68BE00EE6047 /* Sources */ = {
			isa = PBXSourcesBuildPhase;
			buildActionMask = 2147483647;
			files = (
				EED8B39C26DE68BE00EE6047 /* ViewController.swift in Sources */,
				EED8B3F126DE7A6400EE6047 /* weatherData.swift in Sources */,
				EED8B3EF26DE768300EE6047 /* NetworkWeather.swift in Sources */,
				EED8B39826DE68BE00EE6047 /* AppDelegate.swift in Sources */,
				EED8B3F326DE7F5900EE6047 /* currentWeather.swift in Sources */,
				EED8B39A26DE68BE00EE6047 /* SceneDelegate.swift in Sources */,
			);
			runOnlyForDeploymentPostprocessing = 0;
		};
/* End PBXSourcesBuildPhase section */

/* Begin PBXVariantGroup section */
		EED8B3A226DE68C000EE6047 /* LaunchScreen.storyboard */ = {
			isa = PBXVariantGroup;
			children = (
				EED8B3A326DE68C000EE6047 /* Base */,
			);
			name = LaunchScreen.storyboard;
			sourceTree = "<group>";
		};
/* End PBXVariantGroup section */

/* Begin XCBuildConfiguration section */
		EED8B3A626DE68C000EE6047 /* Debug */ = {
			isa = XCBuildConfiguration;
			buildSettings = {
				ALWAYS_SEARCH_USER_PATHS = NO;
				CLANG_ANALYZER_NONNULL = YES;
				CLANG_ANALYZER_NUMBER_OBJECT_CONVERSION = YES_AGGRESSIVE;
				CLANG_CXX_LANGUAGE_STANDARD = "gnu++14";
				CLANG_CXX_LIBRARY = "libc++";
				CLANG_ENABLE_MODULES = YES;
				CLANG_ENABLE_OBJC_ARC = YES;
				CLANG_ENABLE_OBJC_WEAK = YES;
				CLANG_WARN_BLOCK_CAPTURE_AUTORELEASING = YES;
				CLANG_WARN_BOOL_CONVERSION = YES;
				CLANG_WARN_COMMA = YES;
				CLANG_WARN_CONSTANT_CONVERSION = YES;
				CLANG_WARN_DEPRECATED_OBJC_IMPLEMENTATIONS = YES;
				CLANG_WARN_DIRECT_OBJC_ISA_USAGE = YES_ERROR;
				CLANG_WARN_DOCUMENTATION_COMMENTS = YES;
				CLANG_WARN_EMPTY_BODY = YES;
				CLANG_WARN_ENUM_CONVERSION = YES;
				CLANG_WARN_INFINITE_RECURSION = YES;
				CLANG_WARN_INT_CONVERSION = YES;
				CLANG_WARN_NON_LITERAL_NULL_CONVERSION = YES;
				CLANG_WARN_OBJC_IMPLICIT_RETAIN_SELF = YES;
				CLANG_WARN_OBJC_LITERAL_CONVERSION = YES;
				CLANG_WARN_OBJC_ROOT_CLASS = YES_ERROR;
				CLANG_WARN_QUOTED_INCLUDE_IN_FRAMEWORK_HEADER = YES;
				CLANG_WARN_RANGE_LOOP_ANALYSIS = YES;
				CLANG_WARN_STRICT_PROTOTYPES = YES;
				CLANG_WARN_SUSPICIOUS_MOVE = YES;
				CLANG_WARN_UNGUARDED_AVAILABILITY = YES_AGGRESSIVE;
				CLANG_WARN_UNREACHABLE_CODE = YES;
				CLANG_WARN__DUPLICATE_METHOD_MATCH = YES;
				COPY_PHASE_STRIP = NO;
				DEBUG_INFORMATION_FORMAT = dwarf;
				ENABLE_STRICT_OBJC_MSGSEND = YES;
				ENABLE_TESTABILITY = YES;
				GCC_C_LANGUAGE_STANDARD = gnu11;
				GCC_DYNAMIC_NO_PIC = NO;
				GCC_NO_COMMON_BLOCKS = YES;
				GCC_OPTIMIZATION_LEVEL = 0;
				GCC_PREPROCESSOR_DEFINITIONS = (
					"DEBUG=1",
					"$(inherited)",
				);
				GCC_WARN_64_TO_32_BIT_CONVERSION = YES;
				GCC_WARN_ABOUT_RETURN_TYPE = YES_ERROR;
				GCC_WARN_UNDECLARED_SELECTOR = YES;
				GCC_WARN_UNINITIALIZED_AUTOS = YES_AGGRESSIVE;
				GCC_WARN_UNUSED_FUNCTION = YES;
				GCC_WARN_UNUSED_VARIABLE = YES;
				IPHONEOS_DEPLOYMENT_TARGET = 14.5;
				MTL_ENABLE_DEBUG_INFO = INCLUDE_SOURCE;
				MTL_FAST_MATH = YES;
				ONLY_ACTIVE_ARCH = YES;
				SDKROOT = iphoneos;
				SWIFT_ACTIVE_COMPILATION_CONDITIONS = DEBUG;
				SWIFT_OPTIMIZATION_LEVEL = "-Onone";
			};
			name = Debug;
		};
		EED8B3A726DE68C000EE6047 /* Release */ = {
			isa = XCBuildConfiguration;
			buildSettings = {
				ALWAYS_SEARCH_USER_PATHS = NO;
				CLANG_ANALYZER_NONNULL = YES;
				CLANG_ANALYZER_NUMBER_OBJECT_CONVERSION = YES_AGGRESSIVE;
				CLANG_CXX_LANGUAGE_STANDARD = "gnu++14";
				CLANG_CXX_LIBRARY = "libc++";
				CLANG_ENABLE_MODULES = YES;
				CLANG_ENABLE_OBJC_ARC = YES;
				CLANG_ENABLE_OBJC_WEAK = YES;
				CLANG_WARN_BLOCK_CAPTURE_AUTORELEASING = YES;
				CLANG_WARN_BOOL_CONVERSION = YES;
				CLANG_WARN_COMMA = YES;
				CLANG_WARN_CONSTANT_CONVERSION = YES;
				CLANG_WARN_DEPRECATED_OBJC_IMPLEMENTATIONS = YES;
				CLANG_WARN_DIRECT_OBJC_ISA_USAGE = YES_ERROR;
				CLANG_WARN_DOCUMENTATION_COMMENTS = YES;
				CLANG_WARN_EMPTY_BODY = YES;
				CLANG_WARN_ENUM_CONVERSION = YES;
				CLANG_WARN_INFINITE_RECURSION = YES;
				CLANG_WARN_INT_CONVERSION = YES;
				CLANG_WARN_NON_LITERAL_NULL_CONVERSION = YES;
				CLANG_WARN_OBJC_IMPLICIT_RETAIN_SELF = YES;
				CLANG_WARN_OBJC_LITERAL_CONVERSION = YES;
				CLANG_WARN_OBJC_ROOT_CLASS = YES_ERROR;
				CLANG_WARN_QUOTED_INCLUDE_IN_FRAMEWORK_HEADER = YES;
				CLANG_WARN_RANGE_LOOP_ANALYSIS = YES;
				CLANG_WARN_STRICT_PROTOTYPES = YES;
				CLANG_WARN_SUSPICIOUS_MOVE = YES;
				CLANG_WARN_UNGUARDED_AVAILABILITY = YES_AGGRESSIVE;
				CLANG_WARN_UNREACHABLE_CODE = YES;
				CLANG_WARN__DUPLICATE_METHOD_MATCH = YES;
				COPY_PHASE_STRIP = NO;
				DEBUG_INFORMATION_FORMAT = "dwarf-with-dsym";
				ENABLE_NS_ASSERTIONS = NO;
				ENABLE_STRICT_OBJC_MSGSEND = YES;
				GCC_C_LANGUAGE_STANDARD = gnu11;
				GCC_NO_COMMON_BLOCKS = YES;
				GCC_WARN_64_TO_32_BIT_CONVERSION = YES;
				GCC_WARN_ABOUT_RETURN_TYPE = YES_ERROR;
				GCC_WARN_UNDECLARED_SELECTOR = YES;
				GCC_WARN_UNINITIALIZED_AUTOS = YES_AGGRESSIVE;
				GCC_WARN_UNUSED_FUNCTION = YES;
				GCC_WARN_UNUSED_VARIABLE = YES;
				IPHONEOS_DEPLOYMENT_TARGET = 14.5;
				MTL_ENABLE_DEBUG_INFO = NO;
				MTL_FAST_MATH = YES;
				SDKROOT = iphoneos;
				SWIFT_COMPILATION_MODE = wholemodule;
				SWIFT_OPTIMIZATION_LEVEL = "-O";
				VALIDATE_PRODUCT = YES;
			};
			name = Release;
		};
		EED8B3A926DE68C000EE6047 /* Debug */ = {
			isa = XCBuildConfiguration;
			buildSettings = {
				ASSETCATALOG_COMPILER_APPICON_NAME = AppIcon;
				ASSETCATALOG_COMPILER_GLOBAL_ACCENT_COLOR_NAME = AccentColor;
				CODE_SIGN_STYLE = Automatic;
				DEVELOPMENT_TEAM = 9C3YYD2ZUU;
				INFOPLIST_FILE = weatherApp/Info.plist;
				LD_RUNPATH_SEARCH_PATHS = (
					"$(inherited)",
					"@executable_path/Frameworks",
				);
				PRODUCT_BUNDLE_IDENTIFIER = ZhingelStas.weatherApp;
				PRODUCT_NAME = "$(TARGET_NAME)";
				SWIFT_VERSION = 5.0;
				TARGETED_DEVICE_FAMILY = "1,2";
			};
			name = Debug;
		};
		EED8B3AA26DE68C000EE6047 /* Release */ = {
			isa = XCBuildConfiguration;
			buildSettings = {
				ASSETCATALOG_COMPILER_APPICON_NAME = AppIcon;
				ASSETCATALOG_COMPILER_GLOBAL_ACCENT_COLOR_NAME = AccentColor;
				CODE_SIGN_STYLE = Automatic;
				DEVELOPMENT_TEAM = 9C3YYD2ZUU;
				INFOPLIST_FILE = weatherApp/Info.plist;
				LD_RUNPATH_SEARCH_PATHS = (
					"$(inherited)",
					"@executable_path/Frameworks",
				);
				PRODUCT_BUNDLE_IDENTIFIER = ZhingelStas.weatherApp;
				PRODUCT_NAME = "$(TARGET_NAME)";
				SWIFT_VERSION = 5.0;
				TARGETED_DEVICE_FAMILY = "1,2";
			};
			name = Release;
		};
/* End XCBuildConfiguration section */

/* Begin XCConfigurationList section */
		EED8B38F26DE68BE00EE6047 /* Build configuration list for PBXProject "weatherApp" */ = {
			isa = XCConfigurationList;
			buildConfigurations = (
				EED8B3A626DE68C000EE6047 /* Debug */,
				EED8B3A726DE68C000EE6047 /* Release */,
			);
			defaultConfigurationIsVisible = 0;
			defaultConfigurationName = Release;
		};
		EED8B3A826DE68C000EE6047 /* Build configuration list for PBXNativeTarget "weatherApp" */ = {
			isa = XCConfigurationList;
			buildConfigurations = (
				EED8B3A926DE68C000EE6047 /* Debug */,
				EED8B3AA26DE68C000EE6047 /* Release */,
			);
			defaultConfigurationIsVisible = 0;
			defaultConfigurationName = Release;
		};
/* End XCConfigurationList section */
	};
	rootObject = EED8B38C26DE68BE00EE6047 /* Project object */;
}
